
Microsoft Visual Studio Solution File, Format Version 12.00
# Visual Studio Version 16
VisualStudioVersion = 16.0.29806.167
MinimumVisualStudioVersion = 15.0.26124.0
Project("{2150E333-8FDC-42A3-9474-1A3956D46DE8}") = "src", "src", "{C14C52D1-33FB-4373-8096-F263DF981CB0}"
EndProject
Project("{9A19103F-16F7-4668-BE54-9A1E7A4F7556}") = "IdentityServer", "src\IdentityServer\IdentityServer.csproj", "{F4491C41-9FE5-4472-ACFE-47FE0531AB98}"
EndProject
Project("{9A19103F-16F7-4668-BE54-9A1E7A4F7556}") = "Api", "src\Api\Api.csproj", "{6EC9E95C-0973-4608-B697-9C4E385C4A0B}"
EndProject
Project("{9A19103F-16F7-4668-BE54-9A1E7A4F7556}") = "Client", "src\Client\Client.csproj", "{8C2E3BD7-8AA2-49C9-877C-2E78721E3A1C}"
EndProject
Project("{9A19103F-16F7-4668-BE54-9A1E7A4F7556}") = "MVCClient", "src\MVCClient\MVCClient.csproj", "{B259AE64-3579-4008-92C8-A1C63AAA6C61}"
EndProject
Project("{9A19103F-16F7-4668-BE54-9A1E7A4F7556}") = "JavaScriptClient", "src\JavaScriptClient\JavaScriptClient.csproj", "{D87160B8-FB47-4EDB-B60C-AE1F457D9C75}"
EndProject
Project("{9A19103F-16F7-4668-BE54-9A1E7A4F7556}") = "IdentityServerAspNetIdentity", "src\IdentityServerAspNetIdentity\IdentityServerAspNetIdentity.csproj", "{2CE5022A-05B1-4FFB-AE8D-F2FCE6E465A1}"
EndProject
Global
	GlobalSection(SolutionConfigurationPlatforms) = preSolution
		Debug|Any CPU = Debug|Any CPU
		Debug|x64 = Debug|x64
		Debug|x86 = Debug|x86
		Release|Any CPU = Release|Any CPU
		Release|x64 = Release|x64
		Release|x86 = Release|x86
	EndGlobalSection
	GlobalSection(ProjectConfigurationPlatforms) = postSolution
		{F4491C41-9FE5-4472-ACFE-47FE0531AB98}.Debug|Any CPU.ActiveCfg = Debug|Any CPU
		{F4491C41-9FE5-4472-ACFE-47FE0531AB98}.Debug|Any CPU.Build.0 = Debug|Any CPU
		{F4491C41-9FE5-4472-ACFE-47FE0531AB98}.Debug|x64.ActiveCfg = Debug|Any CPU
		{F4491C41-9FE5-4472-ACFE-47FE0531AB98}.Debug|x64.Build.0 = Debug|Any CPU
		{F4491C41-9FE5-4472-ACFE-47FE0531AB98}.Debug|x86.ActiveCfg = Debug|Any CPU
		{F4491C41-9FE5-4472-ACFE-47FE0531AB98}.Debug|x86.Build.0 = Debug|Any CPU
		{F4491C41-9FE5-4472-ACFE-47FE0531AB98}.Release|Any CPU.ActiveCfg = Release|Any CPU
		{F4491C41-9FE5-4472-ACFE-47FE0531AB98}.Release|Any CPU.Build.0 = Release|Any CPU
		{F4491C41-9FE5-4472-ACFE-47FE0531AB98}.Release|x64.ActiveCfg = Release|Any CPU
		{F4491C41-9FE5-4472-ACFE-47FE0531AB98}.Release|x64.Build.0 = Release|Any CPU
		{F4491C41-9FE5-4472-ACFE-47FE0531AB98}.Release|x86.ActiveCfg = Release|Any CPU
		{F4491C41-9FE5-4472-ACFE-47FE0531AB98}.Release|x86.Build.0 = Release|Any CPU
		{6EC9E95C-0973-4608-B697-9C4E385C4A0B}.Debug|Any CPU.ActiveCfg = Debug|Any CPU
		{6EC9E95C-0973-4608-B697-9C4E385C4A0B}.Debug|Any CPU.Build.0 = Debug|Any CPU
		{6EC9E95C-0973-4608-B697-9C4E385C4A0B}.Debug|x64.ActiveCfg = Debug|Any CPU
		{6EC9E95C-0973-4608-B697-9C4E385C4A0B}.Debug|x64.Build.0 = Debug|Any CPU
		{6EC9E95C-0973-4608-B697-9C4E385C4A0B}.Debug|x86.ActiveCfg = Debug|Any CPU
		{6EC9E95C-0973-4608-B697-9C4E385C4A0B}.Debug|x86.Build.0 = Debug|Any CPU
		{6EC9E95C-0973-4608-B697-9C4E385C4A0B}.Release|Any CPU.ActiveCfg = Release|Any CPU
		{6EC9E95C-0973-4608-B697-9C4E385C4A0B}.Release|Any CPU.Build.0 = Release|Any CPU
		{6EC9E95C-0973-4608-B697-9C4E385C4A0B}.Release|x64.ActiveCfg = Release|Any CPU
		{6EC9E95C-0973-4608-B697-9C4E385C4A0B}.Release|x64.Build.0 = Release|Any CPU
		{6EC9E95C-0973-4608-B697-9C4E385C4A0B}.Release|x86.ActiveCfg = Release|Any CPU
		{6EC9E95C-0973-4608-B697-9C4E385C4A0B}.Release|x86.Build.0 = Release|Any CPU
		{8C2E3BD7-8AA2-49C9-877C-2E78721E3A1C}.Debug|Any CPU.ActiveCfg = Debug|Any CPU
		{8C2E3BD7-8AA2-49C9-877C-2E78721E3A1C}.Debug|Any CPU.Build.0 = Debug|Any CPU
		{8C2E3BD7-8AA2-49C9-877C-2E78721E3A1C}.Debug|x64.ActiveCfg = Debug|Any CPU
		{8C2E3BD7-8AA2-49C9-877C-2E78721E3A1C}.Debug|x64.Build.0 = Debug|Any CPU
		{8C2E3BD7-8AA2-49C9-877C-2E78721E3A1C}.Debug|x86.ActiveCfg = Debug|Any CPU
		{8C2E3BD7-8AA2-49C9-877C-2E78721E3A1C}.Debug|x86.Build.0 = Debug|Any CPU
		{8C2E3BD7-8AA2-49C9-877C-2E78721E3A1C}.Release|Any CPU.ActiveCfg = Release|Any CPU
		{8C2E3BD7-8AA2-49C9-877C-2E78721E3A1C}.Release|Any CPU.Build.0 = Release|Any CPU
		{8C2E3BD7-8AA2-49C9-877C-2E78721E3A1C}.Release|x64.ActiveCfg = Release|Any CPU
		{8C2E3BD7-8AA2-49C9-877C-2E78721E3A1C}.Release|x64.Build.0 = Release|Any CPU
		{8C2E3BD7-8AA2-49C9-877C-2E78721E3A1C}.Release|x86.ActiveCfg = Release|Any CPU
		{8C2E3BD7-8AA2-49C9-877C-2E78721E3A1C}.Release|x86.Build.0 = Release|Any CPU
		{B259AE64-3579-4008-92C8-A1C63AAA6C61}.Debug|Any CPU.ActiveCfg = Debug|Any CPU
		{B259AE64-3579-4008-92C8-A1C63AAA6C61}.Debug|Any CPU.Build.0 = Debug|Any CPU
		{B259AE64-3579-4008-92C8-A1C63AAA6C61}.Debug|x64.ActiveCfg = Debug|Any CPU
		{B259AE64-3579-4008-92C8-A1C63AAA6C61}.Debug|x64.Build.0 = Debug|Any CPU
		{B259AE64-3579-4008-92C8-A1C63AAA6C61}.Debug|x86.ActiveCfg = Debug|Any CPU
		{B259AE64-3579-4008-92C8-A1C63AAA6C61}.Debug|x86.Build.0 = Debug|Any CPU
		{B259AE64-3579-4008-92C8-A1C63AAA6C61}.Release|Any CPU.ActiveCfg = Release|Any CPU
		{B259AE64-3579-4008-92C8-A1C63AAA6C61}.Release|Any CPU.Build.0 = Release|Any CPU
		{B259AE64-3579-4008-92C8-A1C63AAA6C61}.Release|x64.ActiveCfg = Release|Any CPU
		{B259AE64-3579-4008-92C8-A1C63AAA6C61}.Release|x64.Build.0 = Release|Any CPU
		{B259AE64-3579-4008-92C8-A1C63AAA6C61}.Release|x86.ActiveCfg = Release|Any CPU
		{B259AE64-3579-4008-92C8-A1C63AAA6C61}.Release|x86.Build.0 = Release|Any CPU
		{D87160B8-FB47-4EDB-B60C-AE1F457D9C75}.Debug|Any CPU.ActiveCfg = Debug|Any CPU
		{D87160B8-FB47-4EDB-B60C-AE1F457D9C75}.Debug|Any CPU.Build.0 = Debug|Any CPU
		{D87160B8-FB47-4EDB-B60C-AE1F457D9C75}.Debug|x64.ActiveCfg = Debug|Any CPU
		{D87160B8-FB47-4EDB-B60C-AE1F457D9C75}.Debug|x64.Build.0 = Debug|Any CPU
		{D87160B8-FB47-4EDB-B60C-AE1F457D9C75}.Debug|x86.ActiveCfg = Debug|Any CPU
		{D87160B8-FB47-4EDB-B60C-AE1F457D9C75}.Debug|x86.Build.0 = Debug|Any CPU
		{D87160B8-FB47-4EDB-B60C-AE1F457D9C75}.Release|Any CPU.ActiveCfg = Release|Any CPU
		{D87160B8-FB47-4EDB-B60C-AE1F457D9C75}.Release|Any CPU.Build.0 = Release|Any CPU
		{D87160B8-FB47-4EDB-B60C-AE1F457D9C75}.Release|x64.ActiveCfg = Release|Any CPU
		{D87160B8-FB47-4EDB-B60C-AE1F457D9C75}.Release|x64.Build.0 = Release|Any CPU
		{D87160B8-FB47-4EDB-B60C-AE1F457D9C75}.Release|x86.ActiveCfg = Release|Any CPU
		{D87160B8-FB47-4EDB-B60C-AE1F457D9C75}.Release|x86.Build.0 = Release|Any CPU
		{2CE5022A-05B1-4FFB-AE8D-F2FCE6E465A1}.Debug|Any CPU.ActiveCfg = Debug|Any CPU
		{2CE5022A-05B1-4FFB-AE8D-F2FCE6E465A1}.Debug|Any CPU.Build.0 = Debug|Any CPU
		{2CE5022A-05B1-4FFB-AE8D-F2FCE6E465A1}.Debug|x64.ActiveCfg = Debug|Any CPU
		{2CE5022A-05B1-4FFB-AE8D-F2FCE6E465A1}.Debug|x64.Build.0 = Debug|Any CPU
		{2CE5022A-05B1-4FFB-AE8D-F2FCE6E465A1}.Debug|x86.ActiveCfg = Debug|Any CPU
		{2CE5022A-05B1-4FFB-AE8D-F2FCE6E465A1}.Debug|x86.Build.0 = Debug|Any CPU
		{2CE5022A-05B1-4FFB-AE8D-F2FCE6E465A1}.Release|Any CPU.ActiveCfg = Release|Any CPU
		{2CE5022A-05B1-4FFB-AE8D-F2FCE6E465A1}.Release|Any CPU.Build.0 = Release|Any CPU
		{2CE5022A-05B1-4FFB-AE8D-F2FCE6E465A1}.Release|x64.ActiveCfg = Release|Any CPU
		{2CE5022A-05B1-4FFB-AE8D-F2FCE6E465A1}.Release|x64.Build.0 = Release|Any CPU
		{2CE5022A-05B1-4FFB-AE8D-F2FCE6E465A1}.Release|x86.ActiveCfg = Release|Any CPU
		{2CE5022A-05B1-4FFB-AE8D-F2FCE6E465A1}.Release|x86.Build.0 = Release|Any CPU
	EndGlobalSection
	GlobalSection(SolutionProperties) = preSolution
		HideSolutionNode = FALSE
	EndGlobalSection
	GlobalSection(NestedProjects) = preSolution
		{F4491C41-9FE5-4472-ACFE-47FE0531AB98} = {C14C52D1-33FB-4373-8096-F263DF981CB0}
		{6EC9E95C-0973-4608-B697-9C4E385C4A0B} = {C14C52D1-33FB-4373-8096-F263DF981CB0}
		{8C2E3BD7-8AA2-49C9-877C-2E78721E3A1C} = {C14C52D1-33FB-4373-8096-F263DF981CB0}
		{B259AE64-3579-4008-92C8-A1C63AAA6C61} = {C14C52D1-33FB-4373-8096-F263DF981CB0}
		{D87160B8-FB47-4EDB-B60C-AE1F457D9C75} = {C14C52D1-33FB-4373-8096-F263DF981CB0}
		{2CE5022A-05B1-4FFB-AE8D-F2FCE6E465A1} = {C14C52D1-33FB-4373-8096-F263DF981CB0}
	EndGlobalSection
	GlobalSection(ExtensibilityGlobals) = postSolution
		SolutionGuid = {6F19A5A2-2382-45F5-BCD1-65ABA77598A6}
	EndGlobalSection
EndGlobal
